// !$*UTF8*$!
{
	archiveVersion = 1;
	classes = {
	};
	objectVersion = 50;
	objects = {

/* Begin PBXBuildFile section */
		0C05FE56219C5942001D4F49 /* PhotosViewController.swift in Sources */ = {isa = PBXBuildFile; fileRef = 0C05FE54219C5942001D4F49 /* PhotosViewController.swift */; };
		0C05FE57219C5942001D4F49 /* PhotosViewController.xib in Resources */ = {isa = PBXBuildFile; fileRef = 0C05FE55219C5942001D4F49 /* PhotosViewController.xib */; };
		0C05FEE1219C613B001D4F49 /* NibLoadable.swift in Sources */ = {isa = PBXBuildFile; fileRef = 0C05FEE0219C613B001D4F49 /* NibLoadable.swift */; };
		0C05FEE3219C61EF001D4F49 /* PhotosViewModule.swift in Sources */ = {isa = PBXBuildFile; fileRef = 0C05FEE2219C61EF001D4F49 /* PhotosViewModule.swift */; };
		0C05FEE6219C63A1001D4F49 /* Photo.swift in Sources */ = {isa = PBXBuildFile; fileRef = 0C05FEE5219C63A1001D4F49 /* Photo.swift */; };
		0C05FEE8219C6C4D001D4F49 /* PhotosViewModuleBuilder.swift in Sources */ = {isa = PBXBuildFile; fileRef = 0C05FEE7219C6C4D001D4F49 /* PhotosViewModuleBuilder.swift */; };
		0C05FEEA219C6E3B001D4F49 /* PhotosViewPresenter.swift in Sources */ = {isa = PBXBuildFile; fileRef = 0C05FEE9219C6E3B001D4F49 /* PhotosViewPresenter.swift */; };
		0C05FEEC219C6E48001D4F49 /* PhotosViewInteractor.swift in Sources */ = {isa = PBXBuildFile; fileRef = 0C05FEEB219C6E48001D4F49 /* PhotosViewInteractor.swift */; };
		0C05FEEE219C6E54001D4F49 /* PhotosViewRouter.swift in Sources */ = {isa = PBXBuildFile; fileRef = 0C05FEED219C6E54001D4F49 /* PhotosViewRouter.swift */; };
		0C05FEF1219C7CC9001D4F49 /* InstagramAPIManager.swift in Sources */ = {isa = PBXBuildFile; fileRef = 0C05FEF0219C7CC9001D4F49 /* InstagramAPIManager.swift */; };
		0C05FEF4219C82C4001D4F49 /* InstagramAuthorizationViewController.swift in Sources */ = {isa = PBXBuildFile; fileRef = 0C05FEF2219C82C4001D4F49 /* InstagramAuthorizationViewController.swift */; };
		0C05FEF5219C82C4001D4F49 /* InstagramAuthorizationViewController.xib in Resources */ = {isa = PBXBuildFile; fileRef = 0C05FEF3219C82C4001D4F49 /* InstagramAuthorizationViewController.xib */; };
		0C05FEF8219C848C001D4F49 /* InstagramAuthorizationScreenBuilder.swift in Sources */ = {isa = PBXBuildFile; fileRef = 0C05FEF7219C848C001D4F49 /* InstagramAuthorizationScreenBuilder.swift */; };
		0C05FEFC219C8D36001D4F49 /* InstagramLoginViewController.swift in Sources */ = {isa = PBXBuildFile; fileRef = 0C05FEFA219C8D36001D4F49 /* InstagramLoginViewController.swift */; };
		0C05FEFD219C8D36001D4F49 /* InstagramLoginViewController.xib in Resources */ = {isa = PBXBuildFile; fileRef = 0C05FEFB219C8D36001D4F49 /* InstagramLoginViewController.xib */; };
		0C05FEFF219C8D51001D4F49 /* InstagramLoginScreenBuilder.swift in Sources */ = {isa = PBXBuildFile; fileRef = 0C05FEFE219C8D51001D4F49 /* InstagramLoginScreenBuilder.swift */; };
		0C05FF01219C8E9A001D4F49 /* InstagramLoginPresenter.swift in Sources */ = {isa = PBXBuildFile; fileRef = 0C05FF00219C8E9A001D4F49 /* InstagramLoginPresenter.swift */; };
		0C05FF03219C8ED9001D4F49 /* InstagramLoginModule.swift in Sources */ = {isa = PBXBuildFile; fileRef = 0C05FF02219C8ED9001D4F49 /* InstagramLoginModule.swift */; };
		0C05FF07219C955C001D4F49 /* KeychainManager.swift in Sources */ = {isa = PBXBuildFile; fileRef = 0C05FF06219C955C001D4F49 /* KeychainManager.swift */; };
		0C05FF09219C9964001D4F49 /* ApplicationDelegateHelper.swift in Sources */ = {isa = PBXBuildFile; fileRef = 0C05FF08219C9964001D4F49 /* ApplicationDelegateHelper.swift */; };
		0C05FF0B219C99EA001D4F49 /* RootRouter.swift in Sources */ = {isa = PBXBuildFile; fileRef = 0C05FF0A219C99EA001D4F49 /* RootRouter.swift */; };
		0C05FF0D219C99F7001D4F49 /* RouteDispatcher.swift in Sources */ = {isa = PBXBuildFile; fileRef = 0C05FF0C219C99F7001D4F49 /* RouteDispatcher.swift */; };
		0C431271219C03440016EF56 /* AppDelegate.swift in Sources */ = {isa = PBXBuildFile; fileRef = 0C431270219C03440016EF56 /* AppDelegate.swift */; };
		0C431278219C03460016EF56 /* Assets.xcassets in Resources */ = {isa = PBXBuildFile; fileRef = 0C431277219C03460016EF56 /* Assets.xcassets */; };
		0C43127B219C03460016EF56 /* LaunchScreen.storyboard in Resources */ = {isa = PBXBuildFile; fileRef = 0C431279219C03460016EF56 /* LaunchScreen.storyboard */; };
		602F82362391532280BEE4E8 /* Pods_FetchFunny.framework in Frameworks */ = {isa = PBXBuildFile; fileRef = FA14E918F97430731AAB7D60 /* Pods_FetchFunny.framework */; };
/* End PBXBuildFile section */

/* Begin PBXContainerItemProxy section */
		0C431282219C03460016EF56 /* PBXContainerItemProxy */ = {
			isa = PBXContainerItemProxy;
			containerPortal = 0C431265219C03440016EF56 /* Project object */;
			proxyType = 1;
			remoteGlobalIDString = 0C43126C219C03440016EF56;
			remoteInfo = FetchFunny;
		};
/* End PBXContainerItemProxy section */

/* Begin PBXFileReference section */
		0C05FE54219C5942001D4F49 /* PhotosViewController.swift */ = {isa = PBXFileReference; lastKnownFileType = sourcecode.swift; path = PhotosViewController.swift; sourceTree = "<group>"; };
		0C05FE55219C5942001D4F49 /* PhotosViewController.xib */ = {isa = PBXFileReference; lastKnownFileType = file.xib; path = PhotosViewController.xib; sourceTree = "<group>"; };
		0C05FEE0219C613B001D4F49 /* NibLoadable.swift */ = {isa = PBXFileReference; lastKnownFileType = sourcecode.swift; path = NibLoadable.swift; sourceTree = "<group>"; };
		0C05FEE2219C61EF001D4F49 /* PhotosViewModule.swift */ = {isa = PBXFileReference; lastKnownFileType = sourcecode.swift; path = PhotosViewModule.swift; sourceTree = "<group>"; };
		0C05FEE5219C63A1001D4F49 /* Photo.swift */ = {isa = PBXFileReference; lastKnownFileType = sourcecode.swift; path = Photo.swift; sourceTree = "<group>"; };
		0C05FEE7219C6C4D001D4F49 /* PhotosViewModuleBuilder.swift */ = {isa = PBXFileReference; lastKnownFileType = sourcecode.swift; path = PhotosViewModuleBuilder.swift; sourceTree = "<group>"; };
		0C05FEE9219C6E3B001D4F49 /* PhotosViewPresenter.swift */ = {isa = PBXFileReference; lastKnownFileType = sourcecode.swift; path = PhotosViewPresenter.swift; sourceTree = "<group>"; };
		0C05FEEB219C6E48001D4F49 /* PhotosViewInteractor.swift */ = {isa = PBXFileReference; lastKnownFileType = sourcecode.swift; path = PhotosViewInteractor.swift; sourceTree = "<group>"; };
		0C05FEED219C6E54001D4F49 /* PhotosViewRouter.swift */ = {isa = PBXFileReference; lastKnownFileType = sourcecode.swift; path = PhotosViewRouter.swift; sourceTree = "<group>"; };
		0C05FEF0219C7CC9001D4F49 /* InstagramAPIManager.swift */ = {isa = PBXFileReference; lastKnownFileType = sourcecode.swift; path = InstagramAPIManager.swift; sourceTree = "<group>"; };
		0C05FEF2219C82C4001D4F49 /* InstagramAuthorizationViewController.swift */ = {isa = PBXFileReference; lastKnownFileType = sourcecode.swift; path = InstagramAuthorizationViewController.swift; sourceTree = "<group>"; };
		0C05FEF3219C82C4001D4F49 /* InstagramAuthorizationViewController.xib */ = {isa = PBXFileReference; lastKnownFileType = file.xib; path = InstagramAuthorizationViewController.xib; sourceTree = "<group>"; };
		0C05FEF7219C848C001D4F49 /* InstagramAuthorizationScreenBuilder.swift */ = {isa = PBXFileReference; lastKnownFileType = sourcecode.swift; path = InstagramAuthorizationScreenBuilder.swift; sourceTree = "<group>"; };
		0C05FEFA219C8D36001D4F49 /* InstagramLoginViewController.swift */ = {isa = PBXFileReference; lastKnownFileType = sourcecode.swift; path = InstagramLoginViewController.swift; sourceTree = "<group>"; };
		0C05FEFB219C8D36001D4F49 /* InstagramLoginViewController.xib */ = {isa = PBXFileReference; lastKnownFileType = file.xib; path = InstagramLoginViewController.xib; sourceTree = "<group>"; };
		0C05FEFE219C8D51001D4F49 /* InstagramLoginScreenBuilder.swift */ = {isa = PBXFileReference; lastKnownFileType = sourcecode.swift; path = InstagramLoginScreenBuilder.swift; sourceTree = "<group>"; };
		0C05FF00219C8E9A001D4F49 /* InstagramLoginPresenter.swift */ = {isa = PBXFileReference; lastKnownFileType = sourcecode.swift; path = InstagramLoginPresenter.swift; sourceTree = "<group>"; };
		0C05FF02219C8ED9001D4F49 /* InstagramLoginModule.swift */ = {isa = PBXFileReference; lastKnownFileType = sourcecode.swift; path = InstagramLoginModule.swift; sourceTree = "<group>"; };
		0C05FF06219C955C001D4F49 /* KeychainManager.swift */ = {isa = PBXFileReference; lastKnownFileType = sourcecode.swift; path = KeychainManager.swift; sourceTree = "<group>"; };
		0C05FF08219C9964001D4F49 /* ApplicationDelegateHelper.swift */ = {isa = PBXFileReference; lastKnownFileType = sourcecode.swift; path = ApplicationDelegateHelper.swift; sourceTree = "<group>"; };
		0C05FF0A219C99EA001D4F49 /* RootRouter.swift */ = {isa = PBXFileReference; lastKnownFileType = sourcecode.swift; path = RootRouter.swift; sourceTree = "<group>"; };
		0C05FF0C219C99F7001D4F49 /* RouteDispatcher.swift */ = {isa = PBXFileReference; lastKnownFileType = sourcecode.swift; path = RouteDispatcher.swift; sourceTree = "<group>"; };
		0C43126D219C03440016EF56 /* FetchFunny.app */ = {isa = PBXFileReference; explicitFileType = wrapper.application; includeInIndex = 0; path = FetchFunny.app; sourceTree = BUILT_PRODUCTS_DIR; };
		0C431270219C03440016EF56 /* AppDelegate.swift */ = {isa = PBXFileReference; lastKnownFileType = sourcecode.swift; path = AppDelegate.swift; sourceTree = "<group>"; };
		0C431277219C03460016EF56 /* Assets.xcassets */ = {isa = PBXFileReference; lastKnownFileType = folder.assetcatalog; path = Assets.xcassets; sourceTree = "<group>"; };
		0C43127A219C03460016EF56 /* Base */ = {isa = PBXFileReference; lastKnownFileType = file.storyboard; name = Base; path = Base.lproj/LaunchScreen.storyboard; sourceTree = "<group>"; };
		0C43127C219C03460016EF56 /* Info.plist */ = {isa = PBXFileReference; lastKnownFileType = text.plist.xml; path = Info.plist; sourceTree = "<group>"; };
		0C431281219C03460016EF56 /* FetchFunnyTests.xctest */ = {isa = PBXFileReference; explicitFileType = wrapper.cfbundle; includeInIndex = 0; path = FetchFunnyTests.xctest; sourceTree = BUILT_PRODUCTS_DIR; };
		0C431287219C03460016EF56 /* Info.plist */ = {isa = PBXFileReference; lastKnownFileType = text.plist.xml; path = Info.plist; sourceTree = "<group>"; };
		A6B22FC8E0EC2FCEBF02AC50 /* Pods-FetchFunny.debug.xcconfig */ = {isa = PBXFileReference; includeInIndex = 1; lastKnownFileType = text.xcconfig; name = "Pods-FetchFunny.debug.xcconfig"; path = "Pods/Target Support Files/Pods-FetchFunny/Pods-FetchFunny.debug.xcconfig"; sourceTree = "<group>"; };
		D09765CBAD50E23DF06554BB /* Pods-FetchFunny.release.xcconfig */ = {isa = PBXFileReference; includeInIndex = 1; lastKnownFileType = text.xcconfig; name = "Pods-FetchFunny.release.xcconfig"; path = "Pods/Target Support Files/Pods-FetchFunny/Pods-FetchFunny.release.xcconfig"; sourceTree = "<group>"; };
		FA14E918F97430731AAB7D60 /* Pods_FetchFunny.framework */ = {isa = PBXFileReference; explicitFileType = wrapper.framework; includeInIndex = 0; path = Pods_FetchFunny.framework; sourceTree = BUILT_PRODUCTS_DIR; };
/* End PBXFileReference section */

/* Begin PBXFrameworksBuildPhase section */
		0C43126A219C03440016EF56 /* Frameworks */ = {
			isa = PBXFrameworksBuildPhase;
			buildActionMask = 2147483647;
			files = (
				602F82362391532280BEE4E8 /* Pods_FetchFunny.framework in Frameworks */,
			);
			runOnlyForDeploymentPostprocessing = 0;
		};
		0C43127E219C03460016EF56 /* Frameworks */ = {
			isa = PBXFrameworksBuildPhase;
			buildActionMask = 2147483647;
			files = (
			);
			runOnlyForDeploymentPostprocessing = 0;
		};
/* End PBXFrameworksBuildPhase section */

/* Begin PBXGroup section */
		0C05FEDF219C6121001D4F49 /* Helper */ = {
			isa = PBXGroup;
			children = (
				0C05FEE0219C613B001D4F49 /* NibLoadable.swift */,
				0C05FF06219C955C001D4F49 /* KeychainManager.swift */,
			);
			path = Helper;
			sourceTree = "<group>";
		};
		0C05FEE4219C6386001D4F49 /* Model */ = {
			isa = PBXGroup;
			children = (
				0C05FEE5219C63A1001D4F49 /* Photo.swift */,
			);
			path = Model;
			sourceTree = "<group>";
		};
		0C05FEEF219C757D001D4F49 /* Instagram API */ = {
			isa = PBXGroup;
			children = (
				0C05FEF0219C7CC9001D4F49 /* InstagramAPIManager.swift */,
				0C05FEF6219C8446001D4F49 /* AuthorizationScreen */,
			);
			path = "Instagram API";
			sourceTree = "<group>";
		};
		0C05FEF6219C8446001D4F49 /* AuthorizationScreen */ = {
			isa = PBXGroup;
			children = (
				0C05FEF7219C848C001D4F49 /* InstagramAuthorizationScreenBuilder.swift */,
				0C05FEF2219C82C4001D4F49 /* InstagramAuthorizationViewController.swift */,
				0C05FEF3219C82C4001D4F49 /* InstagramAuthorizationViewController.xib */,
			);
			path = AuthorizationScreen;
			sourceTree = "<group>";
		};
		0C05FEF9219C8CF7001D4F49 /* LoginScreen */ = {
			isa = PBXGroup;
			children = (
				0C05FF02219C8ED9001D4F49 /* InstagramLoginModule.swift */,
				0C05FEFA219C8D36001D4F49 /* InstagramLoginViewController.swift */,
				0C05FF00219C8E9A001D4F49 /* InstagramLoginPresenter.swift */,
				0C05FEFB219C8D36001D4F49 /* InstagramLoginViewController.xib */,
				0C05FEFE219C8D51001D4F49 /* InstagramLoginScreenBuilder.swift */,
			);
			path = LoginScreen;
			sourceTree = "<group>";
		};
		0C431264219C03440016EF56 = {
			isa = PBXGroup;
			children = (
				0C43126F219C03440016EF56 /* FetchFunny */,
				0C431284219C03460016EF56 /* FetchFunnyTests */,
				0C43126E219C03440016EF56 /* Products */,
				AE797A92EC18D4EE1723E34A /* Pods */,
				97ADF9DEC77825AA8A70A948 /* Frameworks */,
			);
			sourceTree = "<group>";
		};
		0C43126E219C03440016EF56 /* Products */ = {
			isa = PBXGroup;
			children = (
				0C43126D219C03440016EF56 /* FetchFunny.app */,
				0C431281219C03460016EF56 /* FetchFunnyTests.xctest */,
			);
			name = Products;
			sourceTree = "<group>";
		};
		0C43126F219C03440016EF56 /* FetchFunny */ = {
			isa = PBXGroup;
			children = (
				0CF3143C219C0C5900841925 /* App */,
				0C431270219C03440016EF56 /* AppDelegate.swift */,
				0C05FF08219C9964001D4F49 /* ApplicationDelegateHelper.swift */,
				0C05FF0A219C99EA001D4F49 /* RootRouter.swift */,
				0C05FF0C219C99F7001D4F49 /* RouteDispatcher.swift */,
				0C431277219C03460016EF56 /* Assets.xcassets */,
				0C431279219C03460016EF56 /* LaunchScreen.storyboard */,
				0C43127C219C03460016EF56 /* Info.plist */,
			);
			path = FetchFunny;
			sourceTree = "<group>";
		};
		0C431284219C03460016EF56 /* FetchFunnyTests */ = {
			isa = PBXGroup;
			children = (
				0C431287219C03460016EF56 /* Info.plist */,
			);
			path = FetchFunnyTests;
			sourceTree = "<group>";
		};
		0CF3143C219C0C5900841925 /* App */ = {
			isa = PBXGroup;
			children = (
				0C05FEF9219C8CF7001D4F49 /* LoginScreen */,
				0C05FEEF219C757D001D4F49 /* Instagram API */,
				0C05FEE4219C6386001D4F49 /* Model */,
				0C05FEDF219C6121001D4F49 /* Helper */,
				0CF3143D219C0C5E00841925 /* Photos */,
				0CF3143E219C0C7A00841925 /* PhotoDetails */,
			);
			path = App;
			sourceTree = "<group>";
		};
		0CF3143D219C0C5E00841925 /* Photos */ = {
			isa = PBXGroup;
			children = (
				0C05FEE2219C61EF001D4F49 /* PhotosViewModule.swift */,
				0C05FEE7219C6C4D001D4F49 /* PhotosViewModuleBuilder.swift */,
				0C05FE54219C5942001D4F49 /* PhotosViewController.swift */,
				0C05FEE9219C6E3B001D4F49 /* PhotosViewPresenter.swift */,
				0C05FEEB219C6E48001D4F49 /* PhotosViewInteractor.swift */,
				0C05FEED219C6E54001D4F49 /* PhotosViewRouter.swift */,
				0C05FE55219C5942001D4F49 /* PhotosViewController.xib */,
			);
			path = Photos;
			sourceTree = "<group>";
		};
		0CF3143E219C0C7A00841925 /* PhotoDetails */ = {
			isa = PBXGroup;
			children = (
			);
			path = PhotoDetails;
			sourceTree = "<group>";
		};
		97ADF9DEC77825AA8A70A948 /* Frameworks */ = {
			isa = PBXGroup;
			children = (
				FA14E918F97430731AAB7D60 /* Pods_FetchFunny.framework */,
			);
			name = Frameworks;
			sourceTree = "<group>";
		};
		AE797A92EC18D4EE1723E34A /* Pods */ = {
			isa = PBXGroup;
			children = (
				A6B22FC8E0EC2FCEBF02AC50 /* Pods-FetchFunny.debug.xcconfig */,
				D09765CBAD50E23DF06554BB /* Pods-FetchFunny.release.xcconfig */,
			);
			name = Pods;
			sourceTree = "<group>";
		};
/* End PBXGroup section */

/* Begin PBXNativeTarget section */
		0C43126C219C03440016EF56 /* FetchFunny */ = {
			isa = PBXNativeTarget;
			buildConfigurationList = 0C43128A219C03460016EF56 /* Build configuration list for PBXNativeTarget "FetchFunny" */;
			buildPhases = (
				CA8965679C619317C6057678 /* [CP] Check Pods Manifest.lock */,
				0C431269219C03440016EF56 /* Sources */,
				0C43126A219C03440016EF56 /* Frameworks */,
				0C43126B219C03440016EF56 /* Resources */,
				6FEAA01AA2D554B221C34223 /* [CP] Embed Pods Frameworks */,
			);
			buildRules = (
			);
			dependencies = (
			);
			name = FetchFunny;
			productName = FetchFunny;
			productReference = 0C43126D219C03440016EF56 /* FetchFunny.app */;
			productType = "com.apple.product-type.application";
		};
		0C431280219C03460016EF56 /* FetchFunnyTests */ = {
			isa = PBXNativeTarget;
			buildConfigurationList = 0C43128D219C03460016EF56 /* Build configuration list for PBXNativeTarget "FetchFunnyTests" */;
			buildPhases = (
				0C43127D219C03460016EF56 /* Sources */,
				0C43127E219C03460016EF56 /* Frameworks */,
				0C43127F219C03460016EF56 /* Resources */,
			);
			buildRules = (
			);
			dependencies = (
				0C431283219C03460016EF56 /* PBXTargetDependency */,
			);
			name = FetchFunnyTests;
			productName = FetchFunnyTests;
			productReference = 0C431281219C03460016EF56 /* FetchFunnyTests.xctest */;
			productType = "com.apple.product-type.bundle.unit-test";
		};
/* End PBXNativeTarget section */

/* Begin PBXProject section */
		0C431265219C03440016EF56 /* Project object */ = {
			isa = PBXProject;
			attributes = {
				LastSwiftUpdateCheck = 1010;
				LastUpgradeCheck = 1010;
				ORGANIZATIONNAME = "Anoochitarom, Kiattisak (Agoda)";
				TargetAttributes = {
					0C43126C219C03440016EF56 = {
						CreatedOnToolsVersion = 10.1;
					};
					0C431280219C03460016EF56 = {
						CreatedOnToolsVersion = 10.1;
						TestTargetID = 0C43126C219C03440016EF56;
					};
				};
			};
			buildConfigurationList = 0C431268219C03440016EF56 /* Build configuration list for PBXProject "FetchFunny" */;
			compatibilityVersion = "Xcode 9.3";
			developmentRegion = en;
			hasScannedForEncodings = 0;
			knownRegions = (
				en,
				Base,
			);
			mainGroup = 0C431264219C03440016EF56;
			productRefGroup = 0C43126E219C03440016EF56 /* Products */;
			projectDirPath = "";
			projectRoot = "";
			targets = (
				0C43126C219C03440016EF56 /* FetchFunny */,
				0C431280219C03460016EF56 /* FetchFunnyTests */,
			);
		};
/* End PBXProject section */

/* Begin PBXResourcesBuildPhase section */
		0C43126B219C03440016EF56 /* Resources */ = {
			isa = PBXResourcesBuildPhase;
			buildActionMask = 2147483647;
			files = (
				0C05FE57219C5942001D4F49 /* PhotosViewController.xib in Resources */,
				0C05FEFD219C8D36001D4F49 /* InstagramLoginViewController.xib in Resources */,
				0C43127B219C03460016EF56 /* LaunchScreen.storyboard in Resources */,
				0C431278219C03460016EF56 /* Assets.xcassets in Resources */,
				0C05FEF5219C82C4001D4F49 /* InstagramAuthorizationViewController.xib in Resources */,
			);
			runOnlyForDeploymentPostprocessing = 0;
		};
		0C43127F219C03460016EF56 /* Resources */ = {
			isa = PBXResourcesBuildPhase;
			buildActionMask = 2147483647;
			files = (
			);
			runOnlyForDeploymentPostprocessing = 0;
		};
/* End PBXResourcesBuildPhase section */

/* Begin PBXShellScriptBuildPhase section */
		6FEAA01AA2D554B221C34223 /* [CP] Embed Pods Frameworks */ = {
			isa = PBXShellScriptBuildPhase;
			buildActionMask = 2147483647;
			files = (
			);
			inputFileListPaths = (
			);
			inputPaths = (
				"${SRCROOT}/Pods/Target Support Files/Pods-FetchFunny/Pods-FetchFunny-frameworks.sh",
				"${BUILT_PRODUCTS_DIR}/KeychainAccess/KeychainAccess.framework",
			);
			name = "[CP] Embed Pods Frameworks";
			outputFileListPaths = (
			);
			outputPaths = (
				"${TARGET_BUILD_DIR}/${FRAMEWORKS_FOLDER_PATH}/KeychainAccess.framework",
			);
			runOnlyForDeploymentPostprocessing = 0;
			shellPath = /bin/sh;
			shellScript = "\"${SRCROOT}/Pods/Target Support Files/Pods-FetchFunny/Pods-FetchFunny-frameworks.sh\"\n";
			showEnvVarsInLog = 0;
		};
		CA8965679C619317C6057678 /* [CP] Check Pods Manifest.lock */ = {
			isa = PBXShellScriptBuildPhase;
			buildActionMask = 2147483647;
			files = (
			);
			inputFileListPaths = (
			);
			inputPaths = (
				"${PODS_PODFILE_DIR_PATH}/Podfile.lock",
				"${PODS_ROOT}/Manifest.lock",
			);
			name = "[CP] Check Pods Manifest.lock";
			outputFileListPaths = (
			);
			outputPaths = (
				"$(DERIVED_FILE_DIR)/Pods-FetchFunny-checkManifestLockResult.txt",
			);
			runOnlyForDeploymentPostprocessing = 0;
			shellPath = /bin/sh;
			shellScript = "diff \"${PODS_PODFILE_DIR_PATH}/Podfile.lock\" \"${PODS_ROOT}/Manifest.lock\" > /dev/null\nif [ $? != 0 ] ; then\n    # print error to STDERR\n    echo \"error: The sandbox is not in sync with the Podfile.lock. Run 'pod install' or update your CocoaPods installation.\" >&2\n    exit 1\nfi\n# This output is used by Xcode 'outputs' to avoid re-running this script phase.\necho \"SUCCESS\" > \"${SCRIPT_OUTPUT_FILE_0}\"\n";
			showEnvVarsInLog = 0;
		};
/* End PBXShellScriptBuildPhase section */

/* Begin PBXSourcesBuildPhase section */
		0C431269219C03440016EF56 /* Sources */ = {
			isa = PBXSourcesBuildPhase;
			buildActionMask = 2147483647;
			files = (
				0C05FEEC219C6E48001D4F49 /* PhotosViewInteractor.swift in Sources */,
				0C05FEE1219C613B001D4F49 /* NibLoadable.swift in Sources */,
				0C05FF0D219C99F7001D4F49 /* RouteDispatcher.swift in Sources */,
				0C05FF0B219C99EA001D4F49 /* RootRouter.swift in Sources */,
				0C05FEFF219C8D51001D4F49 /* InstagramLoginScreenBuilder.swift in Sources */,
				0C05FEFC219C8D36001D4F49 /* InstagramLoginViewController.swift in Sources */,
				0C431271219C03440016EF56 /* AppDelegate.swift in Sources */,
				0C05FEF4219C82C4001D4F49 /* InstagramAuthorizationViewController.swift in Sources */,
				0C05FF07219C955C001D4F49 /* KeychainManager.swift in Sources */,
				0C05FF01219C8E9A001D4F49 /* InstagramLoginPresenter.swift in Sources */,
				0C05FEEE219C6E54001D4F49 /* PhotosViewRouter.swift in Sources */,
				0C05FE56219C5942001D4F49 /* PhotosViewController.swift in Sources */,
				0C05FEF1219C7CC9001D4F49 /* InstagramAPIManager.swift in Sources */,
				0C05FF03219C8ED9001D4F49 /* InstagramLoginModule.swift in Sources */,
				0C05FEE8219C6C4D001D4F49 /* PhotosViewModuleBuilder.swift in Sources */,
				0C05FEE3219C61EF001D4F49 /* PhotosViewModule.swift in Sources */,
				0C05FEEA219C6E3B001D4F49 /* PhotosViewPresenter.swift in Sources */,
				0C05FEF8219C848C001D4F49 /* InstagramAuthorizationScreenBuilder.swift in Sources */,
				0C05FEE6219C63A1001D4F49 /* Photo.swift in Sources */,
				0C05FF09219C9964001D4F49 /* ApplicationDelegateHelper.swift in Sources */,
			);
			runOnlyForDeploymentPostprocessing = 0;
		};
		0C43127D219C03460016EF56 /* Sources */ = {
			isa = PBXSourcesBuildPhase;
			buildActionMask = 2147483647;
			files = (
			);
			runOnlyForDeploymentPostprocessing = 0;
		};
/* End PBXSourcesBuildPhase section */

/* Begin PBXTargetDependency section */
		0C431283219C03460016EF56 /* PBXTargetDependency */ = {
			isa = PBXTargetDependency;
			target = 0C43126C219C03440016EF56 /* FetchFunny */;
			targetProxy = 0C431282219C03460016EF56 /* PBXContainerItemProxy */;
		};
/* End PBXTargetDependency section */

/* Begin PBXVariantGroup section */
		0C431279219C03460016EF56 /* LaunchScreen.storyboard */ = {
			isa = PBXVariantGroup;
			children = (
				0C43127A219C03460016EF56 /* Base */,
			);
			name = LaunchScreen.storyboard;
			sourceTree = "<group>";
		};
/* End PBXVariantGroup section */

/* Begin XCBuildConfiguration section */
		0C431288219C03460016EF56 /* Debug */ = {
			isa = XCBuildConfiguration;
			buildSettings = {
				ALWAYS_SEARCH_USER_PATHS = NO;
				CLANG_ANALYZER_NONNULL = YES;
				CLANG_ANALYZER_NUMBER_OBJECT_CONVERSION = YES_AGGRESSIVE;
				CLANG_CXX_LANGUAGE_STANDARD = "gnu++14";
				CLANG_CXX_LIBRARY = "libc++";
				CLANG_ENABLE_MODULES = YES;
				CLANG_ENABLE_OBJC_ARC = YES;
				CLANG_ENABLE_OBJC_WEAK = YES;
				CLANG_WARN_BLOCK_CAPTURE_AUTORELEASING = YES;
				CLANG_WARN_BOOL_CONVERSION = YES;
				CLANG_WARN_COMMA = YES;
				CLANG_WARN_CONSTANT_CONVERSION = YES;
				CLANG_WARN_DEPRECATED_OBJC_IMPLEMENTATIONS = YES;
				CLANG_WARN_DIRECT_OBJC_ISA_USAGE = YES_ERROR;
				CLANG_WARN_DOCUMENTATION_COMMENTS = YES;
				CLANG_WARN_EMPTY_BODY = YES;
				CLANG_WARN_ENUM_CONVERSION = YES;
				CLANG_WARN_INFINITE_RECURSION = YES;
				CLANG_WARN_INT_CONVERSION = YES;
				CLANG_WARN_NON_LITERAL_NULL_CONVERSION = YES;
				CLANG_WARN_OBJC_IMPLICIT_RETAIN_SELF = YES;
				CLANG_WARN_OBJC_LITERAL_CONVERSION = YES;
				CLANG_WARN_OBJC_ROOT_CLASS = YES_ERROR;
				CLANG_WARN_RANGE_LOOP_ANALYSIS = YES;
				CLANG_WARN_STRICT_PROTOTYPES = YES;
				CLANG_WARN_SUSPICIOUS_MOVE = YES;
				CLANG_WARN_UNGUARDED_AVAILABILITY = YES_AGGRESSIVE;
				CLANG_WARN_UNREACHABLE_CODE = YES;
				CLANG_WARN__DUPLICATE_METHOD_MATCH = YES;
				CODE_SIGN_IDENTITY = "iPhone Developer";
				COPY_PHASE_STRIP = NO;
				DEBUG_INFORMATION_FORMAT = dwarf;
				ENABLE_STRICT_OBJC_MSGSEND = YES;
				ENABLE_TESTABILITY = YES;
				GCC_C_LANGUAGE_STANDARD = gnu11;
				GCC_DYNAMIC_NO_PIC = NO;
				GCC_NO_COMMON_BLOCKS = YES;
				GCC_OPTIMIZATION_LEVEL = 0;
				GCC_PREPROCESSOR_DEFINITIONS = (
					"DEBUG=1",
					"$(inherited)",
				);
				GCC_WARN_64_TO_32_BIT_CONVERSION = YES;
				GCC_WARN_ABOUT_RETURN_TYPE = YES_ERROR;
				GCC_WARN_UNDECLARED_SELECTOR = YES;
				GCC_WARN_UNINITIALIZED_AUTOS = YES_AGGRESSIVE;
				GCC_WARN_UNUSED_FUNCTION = YES;
				GCC_WARN_UNUSED_VARIABLE = YES;
				IPHONEOS_DEPLOYMENT_TARGET = 12.1;
				MTL_ENABLE_DEBUG_INFO = INCLUDE_SOURCE;
				MTL_FAST_MATH = YES;
				ONLY_ACTIVE_ARCH = YES;
				SDKROOT = iphoneos;
				SWIFT_ACTIVE_COMPILATION_CONDITIONS = DEBUG;
				SWIFT_OPTIMIZATION_LEVEL = "-Onone";
			};
			name = Debug;
		};
		0C431289219C03460016EF56 /* Release */ = {
			isa = XCBuildConfiguration;
			buildSettings = {
				ALWAYS_SEARCH_USER_PATHS = NO;
				CLANG_ANALYZER_NONNULL = YES;
				CLANG_ANALYZER_NUMBER_OBJECT_CONVERSION = YES_AGGRESSIVE;
				CLANG_CXX_LANGUAGE_STANDARD = "gnu++14";
				CLANG_CXX_LIBRARY = "libc++";
				CLANG_ENABLE_MODULES = YES;
				CLANG_ENABLE_OBJC_ARC = YES;
				CLANG_ENABLE_OBJC_WEAK = YES;
				CLANG_WARN_BLOCK_CAPTURE_AUTORELEASING = YES;
				CLANG_WARN_BOOL_CONVERSION = YES;
				CLANG_WARN_COMMA = YES;
				CLANG_WARN_CONSTANT_CONVERSION = YES;
				CLANG_WARN_DEPRECATED_OBJC_IMPLEMENTATIONS = YES;
				CLANG_WARN_DIRECT_OBJC_ISA_USAGE = YES_ERROR;
				CLANG_WARN_DOCUMENTATION_COMMENTS = YES;
				CLANG_WARN_EMPTY_BODY = YES;
				CLANG_WARN_ENUM_CONVERSION = YES;
				CLANG_WARN_INFINITE_RECURSION = YES;
				CLANG_WARN_INT_CONVERSION = YES;
				CLANG_WARN_NON_LITERAL_NULL_CONVERSION = YES;
				CLANG_WARN_OBJC_IMPLICIT_RETAIN_SELF = YES;
				CLANG_WARN_OBJC_LITERAL_CONVERSION = YES;
				CLANG_WARN_OBJC_ROOT_CLASS = YES_ERROR;
				CLANG_WARN_RANGE_LOOP_ANALYSIS = YES;
				CLANG_WARN_STRICT_PROTOTYPES = YES;
				CLANG_WARN_SUSPICIOUS_MOVE = YES;
				CLANG_WARN_UNGUARDED_AVAILABILITY = YES_AGGRESSIVE;
				CLANG_WARN_UNREACHABLE_CODE = YES;
				CLANG_WARN__DUPLICATE_METHOD_MATCH = YES;
				CODE_SIGN_IDENTITY = "iPhone Developer";
				COPY_PHASE_STRIP = NO;
				DEBUG_INFORMATION_FORMAT = "dwarf-with-dsym";
				ENABLE_NS_ASSERTIONS = NO;
				ENABLE_STRICT_OBJC_MSGSEND = YES;
				GCC_C_LANGUAGE_STANDARD = gnu11;
				GCC_NO_COMMON_BLOCKS = YES;
				GCC_WARN_64_TO_32_BIT_CONVERSION = YES;
				GCC_WARN_ABOUT_RETURN_TYPE = YES_ERROR;
				GCC_WARN_UNDECLARED_SELECTOR = YES;
				GCC_WARN_UNINITIALIZED_AUTOS = YES_AGGRESSIVE;
				GCC_WARN_UNUSED_FUNCTION = YES;
				GCC_WARN_UNUSED_VARIABLE = YES;
				IPHONEOS_DEPLOYMENT_TARGET = 12.1;
				MTL_ENABLE_DEBUG_INFO = NO;
				MTL_FAST_MATH = YES;
				SDKROOT = iphoneos;
				SWIFT_COMPILATION_MODE = wholemodule;
				SWIFT_OPTIMIZATION_LEVEL = "-O";
				VALIDATE_PRODUCT = YES;
			};
			name = Release;
		};
		0C43128B219C03460016EF56 /* Debug */ = {
			isa = XCBuildConfiguration;
			baseConfigurationReference = A6B22FC8E0EC2FCEBF02AC50 /* Pods-FetchFunny.debug.xcconfig */;
			buildSettings = {
				ASSETCATALOG_COMPILER_APPICON_NAME = AppIcon;
				CODE_SIGN_STYLE = Automatic;
				DEVELOPMENT_TEAM = J7P6FDM3W5;
				INFOPLIST_FILE = FetchFunny/Info.plist;
				LD_RUNPATH_SEARCH_PATHS = (
					"$(inherited)",
					"@executable_path/Frameworks",
				);
				PRODUCT_BUNDLE_IDENTIFIER = com.kiattisak.FetchFunny;
				PRODUCT_NAME = "$(TARGET_NAME)";
				SWIFT_VERSION = 4.2;
				TARGETED_DEVICE_FAMILY = "1,2";
			};
			name = Debug;
		};
		0C43128C219C03460016EF56 /* Release */ = {
			isa = XCBuildConfiguration;
			baseConfigurationReference = D09765CBAD50E23DF06554BB /* Pods-FetchFunny.release.xcconfig */;
			buildSettings = {
				ASSETCATALOG_COMPILER_APPICON_NAME = AppIcon;
				CODE_SIGN_STYLE = Automatic;
				DEVELOPMENT_TEAM = J7P6FDM3W5;
				INFOPLIST_FILE = FetchFunny/Info.plist;
				LD_RUNPATH_SEARCH_PATHS = (
					"$(inherited)",
					"@executable_path/Frameworks",
				);
				PRODUCT_BUNDLE_IDENTIFIER = com.kiattisak.FetchFunny;
				PRODUCT_NAME = "$(TARGET_NAME)";
				SWIFT_VERSION = 4.2;
				TARGETED_DEVICE_FAMILY = "1,2";
			};
			name = Release;
		};
		0C43128E219C03460016EF56 /* Debug */ = {
			isa = XCBuildConfiguration;
			buildSettings = {
				ALWAYS_EMBED_SWIFT_STANDARD_LIBRARIES = YES;
				BUNDLE_LOADER = "$(TEST_HOST)";
				CODE_SIGN_STYLE = Automatic;
				DEVELOPMENT_TEAM = J7P6FDM3W5;
				INFOPLIST_FILE = FetchFunnyTests/Info.plist;
				LD_RUNPATH_SEARCH_PATHS = (
					"$(inherited)",
					"@executable_path/Frameworks",
					"@loader_path/Frameworks",
				);
				PRODUCT_BUNDLE_IDENTIFIER = com.kiattisak.FetchFunnyTests;
				PRODUCT_NAME = "$(TARGET_NAME)";
				SWIFT_VERSION = 4.2;
				TARGETED_DEVICE_FAMILY = "1,2";
				TEST_HOST = "$(BUILT_PRODUCTS_DIR)/FetchFunny.app/FetchFunny";
			};
			name = Debug;
		};
		0C43128F219C03460016EF56 /* Release */ = {
			isa = XCBuildConfiguration;
			buildSettings = {
				ALWAYS_EMBED_SWIFT_STANDARD_LIBRARIES = YES;
				BUNDLE_LOADER = "$(TEST_HOST)";
				CODE_SIGN_STYLE = Automatic;
				DEVELOPMENT_TEAM = J7P6FDM3W5;
				INFOPLIST_FILE = FetchFunnyTests/Info.plist;
				LD_RUNPATH_SEARCH_PATHS = (
					"$(inherited)",
					"@executable_path/Frameworks",
					"@loader_path/Frameworks",
				);
				PRODUCT_BUNDLE_IDENTIFIER = com.kiattisak.FetchFunnyTests;
				PRODUCT_NAME = "$(TARGET_NAME)";
				SWIFT_VERSION = 4.2;
				TARGETED_DEVICE_FAMILY = "1,2";
				TEST_HOST = "$(BUILT_PRODUCTS_DIR)/FetchFunny.app/FetchFunny";
			};
			name = Release;
		};
/* End XCBuildConfiguration section */

/* Begin XCConfigurationList section */
		0C431268219C03440016EF56 /* Build configuration list for PBXProject "FetchFunny" */ = {
			isa = XCConfigurationList;
			buildConfigurations = (
				0C431288219C03460016EF56 /* Debug */,
				0C431289219C03460016EF56 /* Release */,
			);
			defaultConfigurationIsVisible = 0;
			defaultConfigurationName = Release;
		};
		0C43128A219C03460016EF56 /* Build configuration list for PBXNativeTarget "FetchFunny" */ = {
			isa = XCConfigurationList;
			buildConfigurations = (
				0C43128B219C03460016EF56 /* Debug */,
				0C43128C219C03460016EF56 /* Release */,
			);
			defaultConfigurationIsVisible = 0;
			defaultConfigurationName = Release;
		};
		0C43128D219C03460016EF56 /* Build configuration list for PBXNativeTarget "FetchFunnyTests" */ = {
			isa = XCConfigurationList;
			buildConfigurations = (
				0C43128E219C03460016EF56 /* Debug */,
				0C43128F219C03460016EF56 /* Release */,
			);
			defaultConfigurationIsVisible = 0;
			defaultConfigurationName = Release;
		};
/* End XCConfigurationList section */
	};
	rootObject = 0C431265219C03440016EF56 /* Project object */;
}
